// !$*UTF8*$!
{
	archiveVersion = 1;
	classes = {
	};
	objectVersion = 46;
	objects = {

/* Begin PBXBuildFile section */
		D6D73AB1198F54A100137792 /* Foundation.framework in Frameworks */ = {isa = PBXBuildFile; fileRef = D6D73AB0198F54A100137792 /* Foundation.framework */; };
		D6D73AB3198F54A100137792 /* CoreGraphics.framework in Frameworks */ = {isa = PBXBuildFile; fileRef = D6D73AB2198F54A100137792 /* CoreGraphics.framework */; };
		D6D73AB5198F54A100137792 /* UIKit.framework in Frameworks */ = {isa = PBXBuildFile; fileRef = D6D73AB4198F54A100137792 /* UIKit.framework */; };
		D6D73ABB198F54A100137792 /* InfoPlist.strings in Resources */ = {isa = PBXBuildFile; fileRef = D6D73AB9198F54A100137792 /* InfoPlist.strings */; };
		D6D73ABD198F54A100137792 /* main.m in Sources */ = {isa = PBXBuildFile; fileRef = D6D73ABC198F54A100137792 /* main.m */; };
		D6D73AC1198F54A100137792 /* WGAppDelegate.m in Sources */ = {isa = PBXBuildFile; fileRef = D6D73AC0198F54A100137792 /* WGAppDelegate.m */; };
		D6D73AC4198F54A100137792 /* Main_iPhone.storyboard in Resources */ = {isa = PBXBuildFile; fileRef = D6D73AC2198F54A100137792 /* Main_iPhone.storyboard */; };
		D6D73AC7198F54A100137792 /* Main_iPad.storyboard in Resources */ = {isa = PBXBuildFile; fileRef = D6D73AC5198F54A100137792 /* Main_iPad.storyboard */; };
		D6D73ACA198F54A100137792 /* WGViewController.m in Sources */ = {isa = PBXBuildFile; fileRef = D6D73AC9198F54A100137792 /* WGViewController.m */; };
		D6D73ACC198F54A100137792 /* Images.xcassets in Resources */ = {isa = PBXBuildFile; fileRef = D6D73ACB198F54A100137792 /* Images.xcassets */; };
		D6D73AD3198F54A200137792 /* XCTest.framework in Frameworks */ = {isa = PBXBuildFile; fileRef = D6D73AD2198F54A200137792 /* XCTest.framework */; };
		D6D73AD4198F54A200137792 /* Foundation.framework in Frameworks */ = {isa = PBXBuildFile; fileRef = D6D73AB0198F54A100137792 /* Foundation.framework */; };
		D6D73AD5198F54A200137792 /* UIKit.framework in Frameworks */ = {isa = PBXBuildFile; fileRef = D6D73AB4198F54A100137792 /* UIKit.framework */; };
		D6D73ADD198F54A200137792 /* InfoPlist.strings in Resources */ = {isa = PBXBuildFile; fileRef = D6D73ADB198F54A200137792 /* InfoPlist.strings */; };
		D6D73ADF198F54A200137792 /* CustomTagTests.m in Sources */ = {isa = PBXBuildFile; fileRef = D6D73ADE198F54A200137792 /* CustomTagTests.m */; };
/* End PBXBuildFile section */

/* Begin PBXContainerItemProxy section */
		D6D73AD6198F54A200137792 /* PBXContainerItemProxy */ = {
			isa = PBXContainerItemProxy;
			containerPortal = D6D73AA5198F54A100137792 /* Project object */;
			proxyType = 1;
			remoteGlobalIDString = D6D73AAC198F54A100137792;
			remoteInfo = CustomTag;
		};
/* End PBXContainerItemProxy section */

/* Begin PBXFileReference section */
		D6D73AAD198F54A100137792 /* CustomTag.app */ = {isa = PBXFileReference; explicitFileType = wrapper.application; includeInIndex = 0; path = CustomTag.app; sourceTree = BUILT_PRODUCTS_DIR; };
		D6D73AB0198F54A100137792 /* Foundation.framework */ = {isa = PBXFileReference; lastKnownFileType = wrapper.framework; name = Foundation.framework; path = System/Library/Frameworks/Foundation.framework; sourceTree = SDKROOT; };
		D6D73AB2198F54A100137792 /* CoreGraphics.framework */ = {isa = PBXFileReference; lastKnownFileType = wrapper.framework; name = CoreGraphics.framework; path = System/Library/Frameworks/CoreGraphics.framework; sourceTree = SDKROOT; };
		D6D73AB4198F54A100137792 /* UIKit.framework */ = {isa = PBXFileReference; lastKnownFileType = wrapper.framework; name = UIKit.framework; path = System/Library/Frameworks/UIKit.framework; sourceTree = SDKROOT; };
		D6D73AB8198F54A100137792 /* CustomTag-Info.plist */ = {isa = PBXFileReference; lastKnownFileType = text.plist.xml; path = "CustomTag-Info.plist"; sourceTree = "<group>"; };
		D6D73ABA198F54A100137792 /* en */ = {isa = PBXFileReference; lastKnownFileType = text.plist.strings; name = en; path = en.lproj/InfoPlist.strings; sourceTree = "<group>"; };
		D6D73ABC198F54A100137792 /* main.m */ = {isa = PBXFileReference; lastKnownFileType = sourcecode.c.objc; path = main.m; sourceTree = "<group>"; };
		D6D73ABE198F54A100137792 /* CustomTag-Prefix.pch */ = {isa = PBXFileReference; lastKnownFileType = sourcecode.c.h; path = "CustomTag-Prefix.pch"; sourceTree = "<group>"; };
		D6D73ABF198F54A100137792 /* WGAppDelegate.h */ = {isa = PBXFileReference; lastKnownFileType = sourcecode.c.h; path = WGAppDelegate.h; sourceTree = "<group>"; };
		D6D73AC0198F54A100137792 /* WGAppDelegate.m */ = {isa = PBXFileReference; lastKnownFileType = sourcecode.c.objc; path = WGAppDelegate.m; sourceTree = "<group>"; };
		D6D73AC3198F54A100137792 /* Base */ = {isa = PBXFileReference; lastKnownFileType = file.storyboard; name = Base; path = Base.lproj/Main_iPhone.storyboard; sourceTree = "<group>"; };
		D6D73AC6198F54A100137792 /* Base */ = {isa = PBXFileReference; lastKnownFileType = file.storyboard; name = Base; path = Base.lproj/Main_iPad.storyboard; sourceTree = "<group>"; };
		D6D73AC8198F54A100137792 /* WGViewController.h */ = {isa = PBXFileReference; lastKnownFileType = sourcecode.c.h; path = WGViewController.h; sourceTree = "<group>"; };
		D6D73AC9198F54A100137792 /* WGViewController.m */ = {isa = PBXFileReference; lastKnownFileType = sourcecode.c.objc; path = WGViewController.m; sourceTree = "<group>"; };
		D6D73ACB198F54A100137792 /* Images.xcassets */ = {isa = PBXFileReference; lastKnownFileType = folder.assetcatalog; path = Images.xcassets; sourceTree = "<group>"; };
		D6D73AD1198F54A200137792 /* CustomTagTests.xctest */ = {isa = PBXFileReference; explicitFileType = wrapper.cfbundle; includeInIndex = 0; path = CustomTagTests.xctest; sourceTree = BUILT_PRODUCTS_DIR; };
		D6D73AD2198F54A200137792 /* XCTest.framework */ = {isa = PBXFileReference; lastKnownFileType = wrapper.framework; name = XCTest.framework; path = Library/Frameworks/XCTest.framework; sourceTree = DEVELOPER_DIR; };
		D6D73ADA198F54A200137792 /* CustomTagTests-Info.plist */ = {isa = PBXFileReference; lastKnownFileType = text.plist.xml; path = "CustomTagTests-Info.plist"; sourceTree = "<group>"; };
		D6D73ADC198F54A200137792 /* en */ = {isa = PBXFileReference; lastKnownFileType = text.plist.strings; name = en; path = en.lproj/InfoPlist.strings; sourceTree = "<group>"; };
		D6D73ADE198F54A200137792 /* CustomTagTests.m */ = {isa = PBXFileReference; lastKnownFileType = sourcecode.c.objc; path = CustomTagTests.m; sourceTree = "<group>"; };
/* End PBXFileReference section */

/* Begin PBXFrameworksBuildPhase section */
		D6D73AAA198F54A100137792 /* Frameworks */ = {
			isa = PBXFrameworksBuildPhase;
			buildActionMask = 2147483647;
			files = (
				D6D73AB3198F54A100137792 /* CoreGraphics.framework in Frameworks */,
				D6D73AB5198F54A100137792 /* UIKit.framework in Frameworks */,
				D6D73AB1198F54A100137792 /* Foundation.framework in Frameworks */,
			);
			runOnlyForDeploymentPostprocessing = 0;
		};
		D6D73ACE198F54A200137792 /* Frameworks */ = {
			isa = PBXFrameworksBuildPhase;
			buildActionMask = 2147483647;
			files = (
				D6D73AD3198F54A200137792 /* XCTest.framework in Frameworks */,
				D6D73AD5198F54A200137792 /* UIKit.framework in Frameworks */,
				D6D73AD4198F54A200137792 /* Foundation.framework in Frameworks */,
			);
			runOnlyForDeploymentPostprocessing = 0;
		};
/* End PBXFrameworksBuildPhase section */

/* Begin PBXGroup section */
		D6D73AA4198F54A100137792 = {
			isa = PBXGroup;
			children = (
				D6D73AB6198F54A100137792 /* CustomTag */,
				D6D73AD8198F54A200137792 /* CustomTagTests */,
				D6D73AAF198F54A100137792 /* Frameworks */,
				D6D73AAE198F54A100137792 /* Products */,
			);
			sourceTree = "<group>";
		};
		D6D73AAE198F54A100137792 /* Products */ = {
			isa = PBXGroup;
			children = (
				D6D73AAD198F54A100137792 /* CustomTag.app */,
				D6D73AD1198F54A200137792 /* CustomTagTests.xctest */,
			);
			name = Products;
			sourceTree = "<group>";
		};
		D6D73AAF198F54A100137792 /* Frameworks */ = {
			isa = PBXGroup;
			children = (
				D6D73AB0198F54A100137792 /* Foundation.framework */,
				D6D73AB2198F54A100137792 /* CoreGraphics.framework */,
				D6D73AB4198F54A100137792 /* UIKit.framework */,
				D6D73AD2198F54A200137792 /* XCTest.framework */,
			);
			name = Frameworks;
			sourceTree = "<group>";
		};
		D6D73AB6198F54A100137792 /* CustomTag */ = {
			isa = PBXGroup;
			children = (
				D6D73ABF198F54A100137792 /* WGAppDelegate.h */,
				D6D73AC0198F54A100137792 /* WGAppDelegate.m */,
				D6D73AC2198F54A100137792 /* Main_iPhone.storyboard */,
				D6D73AC5198F54A100137792 /* Main_iPad.storyboard */,
				D6D73AC8198F54A100137792 /* WGViewController.h */,
				D6D73AC9198F54A100137792 /* WGViewController.m */,
				D6D73ACB198F54A100137792 /* Images.xcassets */,
				D6D73AB7198F54A100137792 /* Supporting Files */,
			);
			path = CustomTag;
			sourceTree = "<group>";
		};
		D6D73AB7198F54A100137792 /* Supporting Files */ = {
			isa = PBXGroup;
			children = (
				D6D73AB8198F54A100137792 /* CustomTag-Info.plist */,
				D6D73AB9198F54A100137792 /* InfoPlist.strings */,
				D6D73ABC198F54A100137792 /* main.m */,
				D6D73ABE198F54A100137792 /* CustomTag-Prefix.pch */,
			);
			name = "Supporting Files";
			sourceTree = "<group>";
		};
		D6D73AD8198F54A200137792 /* CustomTagTests */ = {
			isa = PBXGroup;
			children = (
				D6D73ADE198F54A200137792 /* CustomTagTests.m */,
				D6D73AD9198F54A200137792 /* Supporting Files */,
			);
			path = CustomTagTests;
			sourceTree = "<group>";
		};
		D6D73AD9198F54A200137792 /* Supporting Files */ = {
			isa = PBXGroup;
			children = (
				D6D73ADA198F54A200137792 /* CustomTagTests-Info.plist */,
				D6D73ADB198F54A200137792 /* InfoPlist.strings */,
			);
			name = "Supporting Files";
			sourceTree = "<group>";
		};
/* End PBXGroup section */

/* Begin PBXNativeTarget section */
		D6D73AAC198F54A100137792 /* CustomTag */ = {
			isa = PBXNativeTarget;
			buildConfigurationList = D6D73AE2198F54A200137792 /* Build configuration list for PBXNativeTarget "CustomTag" */;
			buildPhases = (
				D6D73AA9198F54A100137792 /* Sources */,
				D6D73AAA198F54A100137792 /* Frameworks */,
				D6D73AAB198F54A100137792 /* Resources */,
			);
			buildRules = (
			);
			dependencies = (
			);
			name = CustomTag;
			productName = CustomTag;
			productReference = D6D73AAD198F54A100137792 /* CustomTag.app */;
			productType = "com.apple.product-type.application";
		};
		D6D73AD0198F54A200137792 /* CustomTagTests */ = {
			isa = PBXNativeTarget;
			buildConfigurationList = D6D73AE5198F54A200137792 /* Build configuration list for PBXNativeTarget "CustomTagTests" */;
			buildPhases = (
				D6D73ACD198F54A200137792 /* Sources */,
				D6D73ACE198F54A200137792 /* Frameworks */,
				D6D73ACF198F54A200137792 /* Resources */,
			);
			buildRules = (
			);
			dependencies = (
				D6D73AD7198F54A200137792 /* PBXTargetDependency */,
			);
			name = CustomTagTests;
			productName = CustomTagTests;
			productReference = D6D73AD1198F54A200137792 /* CustomTagTests.xctest */;
			productType = "com.apple.product-type.bundle.unit-test";
		};
/* End PBXNativeTarget section */

/* Begin PBXProject section */
		D6D73AA5198F54A100137792 /* Project object */ = {
			isa = PBXProject;
			attributes = {
				CLASSPREFIX = WG;
				LastUpgradeCheck = 0510;
				ORGANIZATIONNAME = wwwlife;
				TargetAttributes = {
					D6D73AD0198F54A200137792 = {
						TestTargetID = D6D73AAC198F54A100137792;
					};
				};
			};
			buildConfigurationList = D6D73AA8198F54A100137792 /* Build configuration list for PBXProject "CustomTag" */;
			compatibilityVersion = "Xcode 3.2";
			developmentRegion = English;
			hasScannedForEncodings = 0;
			knownRegions = (
				en,
				Base,
			);
			mainGroup = D6D73AA4198F54A100137792;
			productRefGroup = D6D73AAE198F54A100137792 /* Products */;
			projectDirPath = "";
			projectRoot = "";
			targets = (
				D6D73AAC198F54A100137792 /* CustomTag */,
				D6D73AD0198F54A200137792 /* CustomTagTests */,
			);
		};
/* End PBXProject section */

/* Begin PBXResourcesBuildPhase section */
		D6D73AAB198F54A100137792 /* Resources */ = {
			isa = PBXResourcesBuildPhase;
			buildActionMask = 2147483647;
			files = (
				D6D73AC7198F54A100137792 /* Main_iPad.storyboard in Resources */,
				D6D73ACC198F54A100137792 /* Images.xcassets in Resources */,
				D6D73AC4198F54A100137792 /* Main_iPhone.storyboard in Resources */,
				D6D73ABB198F54A100137792 /* InfoPlist.strings in Resources */,
			);
			runOnlyForDeploymentPostprocessing = 0;
		};
		D6D73ACF198F54A200137792 /* Resources */ = {
			isa = PBXResourcesBuildPhase;
			buildActionMask = 2147483647;
			files = (
				D6D73ADD198F54A200137792 /* InfoPlist.strings in Resources */,
			);
			runOnlyForDeploymentPostprocessing = 0;
		};
/* End PBXResourcesBuildPhase section */

/* Begin PBXSourcesBuildPhase section */
		D6D73AA9198F54A100137792 /* Sources */ = {
			isa = PBXSourcesBuildPhase;
			buildActionMask = 2147483647;
			files = (
				D6D73ACA198F54A100137792 /* WGViewController.m in Sources */,
				D6D73AC1198F54A100137792 /* WGAppDelegate.m in Sources */,
				D6D73ABD198F54A100137792 /* main.m in Sources */,
			);
			runOnlyForDeploymentPostprocessing = 0;
		};
		D6D73ACD198F54A200137792 /* Sources */ = {
			isa = PBXSourcesBuildPhase;
			buildActionMask = 2147483647;
			files = (
				D6D73ADF198F54A200137792 /* CustomTagTests.m in Sources */,
			);
			runOnlyForDeploymentPostprocessing = 0;
		};
/* End PBXSourcesBuildPhase section */

/* Begin PBXTargetDependency section */
		D6D73AD7198F54A200137792 /* PBXTargetDependency */ = {
			isa = PBXTargetDependency;
			target = D6D73AAC198F54A100137792 /* CustomTag */;
			targetProxy = D6D73AD6198F54A200137792 /* PBXContainerItemProxy */;
		};
/* End PBXTargetDependency section */

/* Begin PBXVariantGroup section */
		D6D73AB9198F54A100137792 /* InfoPlist.strings */ = {
			isa = PBXVariantGroup;
			children = (
				D6D73ABA198F54A100137792 /* en */,
			);
			name = InfoPlist.strings;
			sourceTree = "<group>";
		};
		D6D73AC2198F54A100137792 /* Main_iPhone.storyboard */ = {
			isa = PBXVariantGroup;
			children = (
				D6D73AC3198F54A100137792 /* Base */,
			);
			name = Main_iPhone.storyboard;
			sourceTree = "<group>";
		};
		D6D73AC5198F54A100137792 /* Main_iPad.storyboard */ = {
			isa = PBXVariantGroup;
			children = (
				D6D73AC6198F54A100137792 /* Base */,
			);
			name = Main_iPad.storyboard;
			sourceTree = "<group>";
		};
		D6D73ADB198F54A200137792 /* InfoPlist.strings */ = {
			isa = PBXVariantGroup;
			children = (
				D6D73ADC198F54A200137792 /* en */,
			);
			name = InfoPlist.strings;
			sourceTree = "<group>";
		};
/* End PBXVariantGroup section */

/* Begin XCBuildConfiguration section */
		D6D73AE0198F54A200137792 /* Debug */ = {
			isa = XCBuildConfiguration;
			buildSettings = {
				ALWAYS_SEARCH_USER_PATHS = NO;
				CLANG_CXX_LANGUAGE_STANDARD = "gnu++0x";
				CLANG_CXX_LIBRARY = "libc++";
				CLANG_ENABLE_MODULES = YES;
				CLANG_ENABLE_OBJC_ARC = YES;
				CLANG_WARN_BOOL_CONVERSION = YES;
				CLANG_WARN_CONSTANT_CONVERSION = YES;
				CLANG_WARN_DIRECT_OBJC_ISA_USAGE = YES_ERROR;
				CLANG_WARN_EMPTY_BODY = YES;
				CLANG_WARN_ENUM_CONVERSION = YES;
				CLANG_WARN_INT_CONVERSION = YES;
				CLANG_WARN_OBJC_ROOT_CLASS = YES_ERROR;
				CLANG_WARN__DUPLICATE_METHOD_MATCH = YES;
				"CODE_SIGN_IDENTITY[sdk=iphoneos*]" = "iPhone Developer";
				COPY_PHASE_STRIP = NO;
				GCC_C_LANGUAGE_STANDARD = gnu99;
				GCC_DYNAMIC_NO_PIC = NO;
				GCC_OPTIMIZATION_LEVEL = 0;
				GCC_PREPROCESSOR_DEFINITIONS = (
					"DEBUG=1",
					"$(inherited)",
				);
				GCC_SYMBOLS_PRIVATE_EXTERN = NO;
				GCC_WARN_64_TO_32_BIT_CONVERSION = YES;
				GCC_WARN_ABOUT_RETURN_TYPE = YES_ERROR;
				GCC_WARN_UNDECLARED_SELECTOR = YES;
				GCC_WARN_UNINITIALIZED_AUTOS = YES_AGGRESSIVE;
				GCC_WARN_UNUSED_FUNCTION = YES;
				GCC_WARN_UNUSED_VARIABLE = YES;
				IPHONEOS_DEPLOYMENT_TARGET = 7.1;
				ONLY_ACTIVE_ARCH = YES;
				SDKROOT = iphoneos;
				TARGETED_DEVICE_FAMILY = "1,2";
			};
			name = Debug;
		};
		D6D73AE1198F54A200137792 /* Release */ = {
			isa = XCBuildConfiguration;
			buildSettings = {
				ALWAYS_SEARCH_USER_PATHS = NO;
				CLANG_CXX_LANGUAGE_STANDARD = "gnu++0x";
				CLANG_CXX_LIBRARY = "libc++";
				CLANG_ENABLE_MODULES = YES;
				CLANG_ENABLE_OBJC_ARC = YES;
				CLANG_WARN_BOOL_CONVERSION = YES;
				CLANG_WARN_CONSTANT_CONVERSION = YES;
				CLANG_WARN_DIRECT_OBJC_ISA_USAGE = YES_ERROR;
				CLANG_WARN_EMPTY_BODY = YES;
				CLANG_WARN_ENUM_CONVERSION = YES;
				CLANG_WARN_INT_CONVERSION = YES;
				CLANG_WARN_OBJC_ROOT_CLASS = YES_ERROR;
				CLANG_WARN__DUPLICATE_METHOD_MATCH = YES;
				"CODE_SIGN_IDENTITY[sdk=iphoneos*]" = "iPhone Developer";
				COPY_PHASE_STRIP = YES;
				ENABLE_NS_ASSERTIONS = NO;
				GCC_C_LANGUAGE_STANDARD = gnu99;
				GCC_WARN_64_TO_32_BIT_CONVERSION = YES;
				GCC_WARN_ABOUT_RETURN_TYPE = YES_ERROR;
				GCC_WARN_UNDECLARED_SELECTOR = YES;
				GCC_WARN_UNINITIALIZED_AUTOS = YES_AGGRESSIVE;
				GCC_WARN_UNUSED_FUNCTION = YES;
				GCC_WARN_UNUSED_VARIABLE = YES;
				IPHONEOS_DEPLOYMENT_TARGET = 7.1;
				SDKROOT = iphoneos;
				TARGETED_DEVICE_FAMILY = "1,2";
				VALIDATE_PRODUCT = YES;
			};
			name = Release;
		};
		D6D73AE3198F54A200137792 /* Debug */ = {
			isa = XCBuildConfiguration;
			buildSettings = {
				ASSETCATALOG_COMPILER_APPICON_NAME = AppIcon;
				ASSETCATALOG_COMPILER_LAUNCHIMAGE_NAME = LaunchImage;
				GCC_PRECOMPILE_PREFIX_HEADER = YES;
				GCC_PREFIX_HEADER = "CustomTag/CustomTag-Prefix.pch";
				INFOPLIST_FILE = "CustomTag/CustomTag-Info.plist";
				PRODUCT_NAME = "$(TARGET_NAME)";
				WRAPPER_EXTENSION = app;
			};
			name = Debug;
		};
		D6D73AE4198F54A200137792 /* Release */ = {
			isa = XCBuildConfiguration;
			buildSettings = {
				ASSETCATALOG_COMPILER_APPICON_NAME = AppIcon;
				ASSETCATALOG_COMPILER_LAUNCHIMAGE_NAME = LaunchImage;
				GCC_PRECOMPILE_PREFIX_HEADER = YES;
				GCC_PREFIX_HEADER = "CustomTag/CustomTag-Prefix.pch";
				INFOPLIST_FILE = "CustomTag/CustomTag-Info.plist";
				PRODUCT_NAME = "$(TARGET_NAME)";
				WRAPPER_EXTENSION = app;
			};
			name = Release;
		};
		D6D73AE6198F54A200137792 /* Debug */ = {
			isa = XCBuildConfiguration;
			buildSettings = {
				BUNDLE_LOADER = "$(BUILT_PRODUCTS_DIR)/CustomTag.app/CustomTag";
				FRAMEWORK_SEARCH_PATHS = (
					"$(SDKROOT)/Developer/Library/Frameworks",
					"$(inherited)",
					"$(DEVELOPER_FRAMEWORKS_DIR)",
				);
				GCC_PRECOMPILE_PREFIX_HEADER = YES;
				GCC_PREFIX_HEADER = "CustomTag/CustomTag-Prefix.pch";
				GCC_PREPROCESSOR_DEFINITIONS = (
					"DEBUG=1",
					"$(inherited)",
				);
				INFOPLIST_FILE = "CustomTagTests/CustomTagTests-Info.plist";
				PRODUCT_NAME = "$(TARGET_NAME)";
				TEST_HOST = "$(BUNDLE_LOADER)";
				WRAPPER_EXTENSION = xctest;
			};
			name = Debug;
		};
		D6D73AE7198F54A200137792 /* Release */ = {
			isa = XCBuildConfiguration;
			buildSettings = {
				BUNDLE_LOADER = "$(BUILT_PRODUCTS_DIR)/CustomTag.app/CustomTag";
				FRAMEWORK_SEARCH_PATHS = (
					"$(SDKROOT)/Developer/Library/Frameworks",
					"$(inherited)",
					"$(DEVELOPER_FRAMEWORKS_DIR)",
				);
				GCC_PRECOMPILE_PREFIX_HEADER = YES;
				GCC_PREFIX_HEADER = "CustomTag/CustomTag-Prefix.pch";
				INFOPLIST_FILE = "CustomTagTests/CustomTagTests-Info.plist";
				PRODUCT_NAME = "$(TARGET_NAME)";
				TEST_HOST = "$(BUNDLE_LOADER)";
				WRAPPER_EXTENSION = xctest;
			};
			name = Release;
		};
/* End XCBuildConfiguration section */

/* Begin XCConfigurationList section */
		D6D73AA8198F54A100137792 /* Build configuration list for PBXProject "CustomTag" */ = {
			isa = XCConfigurationList;
			buildConfigurations = (
				D6D73AE0198F54A200137792 /* Debug */,
				D6D73AE1198F54A200137792 /* Release */,
			);
			defaultConfigurationIsVisible = 0;
			defaultConfigurationName = Release;
		};
		D6D73AE2198F54A200137792 /* Build configuration list for PBXNativeTarget "CustomTag" */ = {
			isa = XCConfigurationList;
			buildConfigurations = (
				D6D73AE3198F54A200137792 /* Debug */,
				D6D73AE4198F54A200137792 /* Release */,
			);
			defaultConfigurationIsVisible = 0;
		};
		D6D73AE5198F54A200137792 /* Build configuration list for PBXNativeTarget "CustomTagTests" */ = {
			isa = XCConfigurationList;
			buildConfigurations = (
				D6D73AE6198F54A200137792 /* Debug */,
				D6D73AE7198F54A200137792 /* Release */,
			);
			defaultConfigurationIsVisible = 0;
		};
/* End XCConfigurationList section */
	};
	rootObject = D6D73AA5198F54A100137792 /* Project object */;
}
